github.com/davecgh/go-spew v1.1.1 h1:vj9j/u1bqnvCEfJOwUhtlOARqs3+rkHYY13jYWTU97c=
github.com/davecgh/go-spew v1.1.1/go.mod h1:J7Y8YcW2NihsgmVo/mv3lAwl/skON4iLHjSsI+c5H38=
github.com/flimzy/diff v0.1.6 h1:ufTsTKcDtlaczpJTo3u1NeYqzuP6oRpy1VwQUIrgmBY=
github.com/flimzy/diff v0.1.6/go.mod h1:lFJtC7SPsK0EroDmGTSrdtWKAxOk3rO+q+e04LL05Hs=
github.com/flimzy/testy v0.1.17 h1:Y+TUugY6s4B/vrOEPo6SUKafc41W5aiX3qUWvhAPMdI=
github.com/flimzy/testy v0.1.17/go.mod h1:3szguN8NXqgq9bt9Gu8TQVj698PJWmyx/VY1frwwKrM=
github.com/go-kivik/couchdb v2.0.0-pre3.0.20190817132629-5c9d2877c871+incompatible h1:cb268rN3WxHV6P51tCsjCh0iWtrQS3aCZBN30o5YLwY=
github.com/go-kivik/couchdb v2.0.0-pre3.0.20190817132629-5c9d2877c871+incompatible/go.mod h1:5XJRkAMpBlEVA4q0ktIZjUPYBjoBmRoiWvwUBzP3BOQ=
github.com/go-kivik/kivik v2.0.0-pre2+incompatible h1:3NAwmuEbBqd9eyD+Bj98crWn1HT+0hXu0mJ9PXrKuZ8=
github.com/go-kivik/kivik v2.0.0-pre2+incompatible/go.mod h1:nIuJ8z4ikBrVUSk3Ua8NoDqYKULPNjuddjqRvlSUyyQ=
github.com/go-kivik/kiviktest v2.0.0-pre2.0.20190818172917-4d860006d15b+incompatible h1:Ivy0zmboIPskFAKuLhCDPIStwUGA/83tL0A+RtgEs48=
github.com/go-kivik/kiviktest v2.0.0-pre2.0.20190818172917-4d860006d15b+incompatible/go.mod h1:JdhVyzixoYhoIDUt6hRf1yAfYyaDa5/u9SDOindDkfQ=
github.com/go-kivik/mango v0.0.2 h1:SfvPxNIZMyIPHEt1zIZSB+XYM49Kx1+Pm0jdQ7U5Iu0=
github.com/go-kivik/mango v0.0.2/go.mod h1:uUfIkOFYHi5+WymCb5I8ZBasKh0PSDdhvt0fwZSi2pY=
github.com/gopherjs/gopherjs v0.0.0-20190812055157-5d271430af9f h1:KMlcu9X58lhTA/KrfX8Bi1LQSO4pzoVjTiL3h4Jk+Zk=
github.com/gopherjs/gopherjs v0.0.0-20190812055157-5d271430af9f/go.mod h1:wJfORRmW1u3UXTncJ5qlYoELFm8eSnnEO6hX4iZ3EWY=
github.com/otiai10/copy v1.0.2 h1:DDNipYy6RkIkjMwy+AWzgKiNTyj2RUI9yEMeETEpVyc=
github.com/otiai10/copy v1.0.2/go.mod h1:c7RpqBkwMom4bYTSkLSym4VSJz/XtncWRAj/J4PEIMY=
github.com/otiai10/curr v0.0.0-20150429015615-9b4961190c95/go.mod h1:9qAhocn7zKJG+0mI8eUu6xqkFDYS2kb2saOteoSB3cE=
github.com/otiai10/curr v1.0.0 h1:TJIWdbX0B+kpNagQrjgq8bCMrbhiuX73M2XwgtDMoOI=
github.com/otiai10/curr v1.0.0/go.mod h1:LskTG5wDwr8Rs+nNQ+1LlxRjAtTZZjtJW4rMXl6j4vs=
github.com/otiai10/mint v1.3.0 h1:Ady6MKVezQwHBkGzLFbrsywyp09Ah7rkmfjV3Bcr5uc=
github.com/otiai10/mint v1.3.0/go.mod h1:F5AjcsTsWUqX+Na9fpHb52P8pcRX2CI6A3ctIT91xUo=
github.com/pkg/errors v0.8.1 h1:iURUrRGxPUNPdy5/HRSm+Yj6okJ6UtLINN0Q9M4+h3I=
github.com/pkg/errors v0.8.1/go.mod h1:bwawxfHBFNV+L2hUp1rHADufV3IMtnDRdf1r5NINEl0=
github.com/pmezard/go-difflib v1.0.0 h1:4DBwDE0NGyQoBHbLQYPwSUPoCMWR5BEzIk/f1lZbAQM=
github.com/pmezard/go-difflib v1.0.0/go.mod h1:iKH77koFhYxTK1pcRnkKkqfTogsbg7gZNVY4sRDYZ/4=
gitlab.com/flimzy/testy v0.1.1 h1:e4uaZzuQPG3WIEje+HNQOFNFaAbd1cvQrvTbRiMjtIA=
gitlab.com/flimzy/testy v0.1.1/go.mod h1:YObF4cq711ubd/3U0ydRQQVz7Cnq/ChgJpVwNr/AJac=
golang.org/x/crypto v0.0.0-20190308221718-c2843e01d9a2/go.mod h1:djNgcEr1/C05ACkg1iLfiJU5Ep61QUkGW8qpdssI0+w=
golang.org/x/net v0.0.0-20190813141303-74dc4d7220e7 h1:fHDIZ2oxGnUZRN6WgWFCbYBjH9uqVPRCUVUDhs0wnbA=
golang.org/x/net v0.0.0-20190813141303-74dc4d7220e7/go.mod h1:z5CRVTTTmAJ677TzLLGU+0bjPO0LkuOLi4/5GtJWs/s=
golang.org/x/sys v0.0.0-20190215142949-d0b11bdaac8a/go.mod h1:STP8DvDyc/dI5b8T5hshtkjS+E42TnysNCUPdjciGhY=
golang.org/x/text v0.3.0/go.mod h1:NqM8EUOU14njkJ3fqMW+pc6Ldnwhi/IjpwHt7yyuwOQ=
golang.org/x/xerrors v0.0.0-20191204190536-9bdfabe68543 h1:E7g+9GITq07hpfrRu66IVDexMakfv52eLZ2CXBWiKr4=
golang.org/x/xerrors v0.0.0-20191204190536-9bdfabe68543/go.mod h1:I/5z698sn9Ka8TeJc9MKroUUfqBBauWjQqLJ2OPfmY0=
